// !$*UTF8*$!
{
	archiveVersion = 1;
	classes = {
	};
	objectVersion = 55;
	objects = {

/* Begin PBXBuildFile section */
		F9725609270F9A9E00F50290 /* AppDelegate.swift in Sources */ = {isa = PBXBuildFile; fileRef = F9725608270F9A9E00F50290 /* AppDelegate.swift */; };
		F972560B270F9A9E00F50290 /* SceneDelegate.swift in Sources */ = {isa = PBXBuildFile; fileRef = F972560A270F9A9E00F50290 /* SceneDelegate.swift */; };
		F972560D270F9A9E00F50290 /* ViewController.swift in Sources */ = {isa = PBXBuildFile; fileRef = F972560C270F9A9E00F50290 /* ViewController.swift */; };
		F9725612270F9AA500F50290 /* Assets.xcassets in Resources */ = {isa = PBXBuildFile; fileRef = F9725611270F9AA500F50290 /* Assets.xcassets */; };
		F9725615270F9AA500F50290 /* LaunchScreen.storyboard in Resources */ = {isa = PBXBuildFile; fileRef = F9725613270F9AA500F50290 /* LaunchScreen.storyboard */; };
		F972561D270F9E5D00F50290 /* StackViewController.swift in Sources */ = {isa = PBXBuildFile; fileRef = F972561C270F9E5D00F50290 /* StackViewController.swift */; };
		F972561F270F9EE100F50290 /* TableViewController.swift in Sources */ = {isa = PBXBuildFile; fileRef = F972561E270F9EE100F50290 /* TableViewController.swift */; };
		F9725621270F9F1800F50290 /*  CollectionViewController.swift in Sources */ = {isa = PBXBuildFile; fileRef = F9725620270F9F1800F50290 /*  CollectionViewController.swift */; };
		F9725624270FAD6F00F50290 /* AlarmView.swift in Sources */ = {isa = PBXBuildFile; fileRef = F9725623270FAD6F00F50290 /* AlarmView.swift */; };
		F9725629270FC24900F50290 /* EyeCell.swift in Sources */ = {isa = PBXBuildFile; fileRef = F9725628270FC24900F50290 /* EyeCell.swift */; };
		F972562B2713487300F50290 /* StackView.swift in Sources */ = {isa = PBXBuildFile; fileRef = F972562A2713487300F50290 /* StackView.swift */; };
		F972562D2713D92700F50290 /* TableView.swift in Sources */ = {isa = PBXBuildFile; fileRef = F972562C2713D92600F50290 /* TableView.swift */; };
		F972562F2715573F00F50290 /* CollectionView.swift in Sources */ = {isa = PBXBuildFile; fileRef = F972562E2715573E00F50290 /* CollectionView.swift */; };
		F97256312715F7F800F50290 /* CollectionCell.swift in Sources */ = {isa = PBXBuildFile; fileRef = F97256302715F7F800F50290 /* CollectionCell.swift */; };
/* End PBXBuildFile section */

/* Begin PBXFileReference section */
		F9725605270F9A9E00F50290 /* vadmitrievaPW3.app */ = {isa = PBXFileReference; explicitFileType = wrapper.application; includeInIndex = 0; path = vadmitrievaPW3.app; sourceTree = BUILT_PRODUCTS_DIR; };
		F9725608270F9A9E00F50290 /* AppDelegate.swift */ = {isa = PBXFileReference; lastKnownFileType = sourcecode.swift; path = AppDelegate.swift; sourceTree = "<group>"; };
		F972560A270F9A9E00F50290 /* SceneDelegate.swift */ = {isa = PBXFileReference; lastKnownFileType = sourcecode.swift; path = SceneDelegate.swift; sourceTree = "<group>"; };
		F972560C270F9A9E00F50290 /* ViewController.swift */ = {isa = PBXFileReference; lastKnownFileType = sourcecode.swift; path = ViewController.swift; sourceTree = "<group>"; };
		F9725611270F9AA500F50290 /* Assets.xcassets */ = {isa = PBXFileReference; lastKnownFileType = folder.assetcatalog; path = Assets.xcassets; sourceTree = "<group>"; };
		F9725614270F9AA500F50290 /* Base */ = {isa = PBXFileReference; lastKnownFileType = file.storyboard; name = Base; path = Base.lproj/LaunchScreen.storyboard; sourceTree = "<group>"; };
		F9725616270F9AA500F50290 /* Info.plist */ = {isa = PBXFileReference; lastKnownFileType = text.plist.xml; path = Info.plist; sourceTree = "<group>"; };
		F972561C270F9E5D00F50290 /* StackViewController.swift */ = {isa = PBXFileReference; lastKnownFileType = sourcecode.swift; path = StackViewController.swift; sourceTree = "<group>"; };
		F972561E270F9EE100F50290 /* TableViewController.swift */ = {isa = PBXFileReference; lastKnownFileType = sourcecode.swift; path = TableViewController.swift; sourceTree = "<group>"; };
		F9725620270F9F1800F50290 /*  CollectionViewController.swift */ = {isa = PBXFileReference; lastKnownFileType = sourcecode.swift; path = " CollectionViewController.swift"; sourceTree = "<group>"; };
		F9725623270FAD6F00F50290 /* AlarmView.swift */ = {isa = PBXFileReference; lastKnownFileType = sourcecode.swift; path = AlarmView.swift; sourceTree = "<group>"; };
		F9725628270FC24900F50290 /* EyeCell.swift */ = {isa = PBXFileReference; lastKnownFileType = sourcecode.swift; path = EyeCell.swift; sourceTree = "<group>"; };
		F972562A2713487300F50290 /* StackView.swift */ = {isa = PBXFileReference; lastKnownFileType = sourcecode.swift; path = StackView.swift; sourceTree = "<group>"; };
		F972562C2713D92600F50290 /* TableView.swift */ = {isa = PBXFileReference; lastKnownFileType = sourcecode.swift; path = TableView.swift; sourceTree = "<group>"; };
		F972562E2715573E00F50290 /* CollectionView.swift */ = {isa = PBXFileReference; lastKnownFileType = sourcecode.swift; path = CollectionView.swift; sourceTree = "<group>"; };
		F97256302715F7F800F50290 /* CollectionCell.swift */ = {isa = PBXFileReference; lastKnownFileType = sourcecode.swift; path = CollectionCell.swift; sourceTree = "<group>"; };
/* End PBXFileReference section */

/* Begin PBXFrameworksBuildPhase section */
		F9725602270F9A9E00F50290 /* Frameworks */ = {
			isa = PBXFrameworksBuildPhase;
			buildActionMask = 2147483647;
			files = (
			);
			runOnlyForDeploymentPostprocessing = 0;
		};
/* End PBXFrameworksBuildPhase section */

/* Begin PBXGroup section */
		F97255FC270F9A9E00F50290 = {
			isa = PBXGroup;
			children = (
				F9725627270FBE8400F50290 /* View */,
				F9725607270F9A9E00F50290 /* vadmitrievaPW3 */,
				F9725606270F9A9E00F50290 /* Products */,
			);
			sourceTree = "<group>";
		};
		F9725606270F9A9E00F50290 /* Products */ = {
			isa = PBXGroup;
			children = (
				F9725605270F9A9E00F50290 /* vadmitrievaPW3.app */,
			);
			name = Products;
			sourceTree = "<group>";
		};
		F9725607270F9A9E00F50290 /* vadmitrievaPW3 */ = {
			isa = PBXGroup;
			children = (
				F9725608270F9A9E00F50290 /* AppDelegate.swift */,
				F972560A270F9A9E00F50290 /* SceneDelegate.swift */,
				F972560C270F9A9E00F50290 /* ViewController.swift */,
				F972561C270F9E5D00F50290 /* StackViewController.swift */,
				F972561E270F9EE100F50290 /* TableViewController.swift */,
				F9725620270F9F1800F50290 /*  CollectionViewController.swift */,
				F9725611270F9AA500F50290 /* Assets.xcassets */,
				F9725613270F9AA500F50290 /* LaunchScreen.storyboard */,
				F9725616270F9AA500F50290 /* Info.plist */,
			);
			path = vadmitrievaPW3;
			sourceTree = "<group>";
		};
		F9725627270FBE8400F50290 /* View */ = {
			isa = PBXGroup;
			children = (
				F9725623270FAD6F00F50290 /* AlarmView.swift */,
				F9725628270FC24900F50290 /* EyeCell.swift */,
				F972562A2713487300F50290 /* StackView.swift */,
				F972562C2713D92600F50290 /* TableView.swift */,
				F972562E2715573E00F50290 /* CollectionView.swift */,
				F97256302715F7F800F50290 /* CollectionCell.swift */,
			);
			path = View;
			sourceTree = "<group>";
		};
/* End PBXGroup section */

/* Begin PBXNativeTarget section */
		F9725604270F9A9E00F50290 /* vadmitrievaPW3 */ = {
			isa = PBXNativeTarget;
			buildConfigurationList = F9725619270F9AA500F50290 /* Build configuration list for PBXNativeTarget "vadmitrievaPW3" */;
			buildPhases = (
				F9725601270F9A9E00F50290 /* Sources */,
				F9725602270F9A9E00F50290 /* Frameworks */,
				F9725603270F9A9E00F50290 /* Resources */,
			);
			buildRules = (
			);
			dependencies = (
			);
			name = vadmitrievaPW3;
			productName = vadmitrievaPW3;
			productReference = F9725605270F9A9E00F50290 /* vadmitrievaPW3.app */;
			productType = "com.apple.product-type.application";
		};
/* End PBXNativeTarget section */

/* Begin PBXProject section */
		F97255FD270F9A9E00F50290 /* Project object */ = {
			isa = PBXProject;
			attributes = {
				BuildIndependentTargetsInParallel = 1;
				LastSwiftUpdateCheck = 1300;
				LastUpgradeCheck = 1300;
				TargetAttributes = {
					F9725604270F9A9E00F50290 = {
						CreatedOnToolsVersion = 13.0;
					};
				};
			};
			buildConfigurationList = F9725600270F9A9E00F50290 /* Build configuration list for PBXProject "vadmitrievaPW3" */;
			compatibilityVersion = "Xcode 13.0";
			developmentRegion = en;
			hasScannedForEncodings = 0;
			knownRegions = (
				en,
				Base,
			);
			mainGroup = F97255FC270F9A9E00F50290;
			productRefGroup = F9725606270F9A9E00F50290 /* Products */;
			projectDirPath = "";
			projectRoot = "";
			targets = (
				F9725604270F9A9E00F50290 /* vadmitrievaPW3 */,
			);
		};
/* End PBXProject section */

/* Begin PBXResourcesBuildPhase section */
		F9725603270F9A9E00F50290 /* Resources */ = {
			isa = PBXResourcesBuildPhase;
			buildActionMask = 2147483647;
			files = (
				F9725615270F9AA500F50290 /* LaunchScreen.storyboard in Resources */,
				F9725612270F9AA500F50290 /* Assets.xcassets in Resources */,
			);
			runOnlyForDeploymentPostprocessing = 0;
		};
/* End PBXResourcesBuildPhase section */

/* Begin PBXSourcesBuildPhase section */
		F9725601270F9A9E00F50290 /* Sources */ = {
			isa = PBXSourcesBuildPhase;
			buildActionMask = 2147483647;
			files = (
				F972560D270F9A9E00F50290 /* ViewController.swift in Sources */,
				F972562D2713D92700F50290 /* TableView.swift in Sources */,
				F972561D270F9E5D00F50290 /* StackViewController.swift in Sources */,
				F9725609270F9A9E00F50290 /* AppDelegate.swift in Sources */,
				F9725629270FC24900F50290 /* EyeCell.swift in Sources */,
				F9725621270F9F1800F50290 /*  CollectionViewController.swift in Sources */,
				F972562B2713487300F50290 /* StackView.swift in Sources */,
				F972561F270F9EE100F50290 /* TableViewController.swift in Sources */,
				F9725624270FAD6F00F50290 /* AlarmView.swift in Sources */,
				F972562F2715573F00F50290 /* CollectionView.swift in Sources */,
				F972560B270F9A9E00F50290 /* SceneDelegate.swift in Sources */,
				F97256312715F7F800F50290 /* CollectionCell.swift in Sources */,
			);
			runOnlyForDeploymentPostprocessing = 0;
		};
/* End PBXSourcesBuildPhase section */

/* Begin PBXVariantGroup section */
		F9725613270F9AA500F50290 /* LaunchScreen.storyboard */ = {
			isa = PBXVariantGroup;
			children = (
				F9725614270F9AA500F50290 /* Base */,
			);
			name = LaunchScreen.storyboard;
			sourceTree = "<group>";
		};
/* End PBXVariantGroup section */

/* Begin XCBuildConfiguration section */
		F9725617270F9AA500F50290 /* Debug */ = {
			isa = XCBuildConfiguration;
			buildSettings = {
				ALWAYS_SEARCH_USER_PATHS = NO;
				CLANG_ANALYZER_NONNULL = YES;
				CLANG_ANALYZER_NUMBER_OBJECT_CONVERSION = YES_AGGRESSIVE;
				CLANG_CXX_LANGUAGE_STANDARD = "gnu++17";
				CLANG_CXX_LIBRARY = "libc++";
				CLANG_ENABLE_MODULES = YES;
				CLANG_ENABLE_OBJC_ARC = YES;
				CLANG_ENABLE_OBJC_WEAK = YES;
				CLANG_WARN_BLOCK_CAPTURE_AUTORELEASING = YES;
				CLANG_WARN_BOOL_CONVERSION = YES;
				CLANG_WARN_COMMA = YES;
				CLANG_WARN_CONSTANT_CONVERSION = YES;
				CLANG_WARN_DEPRECATED_OBJC_IMPLEMENTATIONS = YES;
				CLANG_WARN_DIRECT_OBJC_ISA_USAGE = YES_ERROR;
				CLANG_WARN_DOCUMENTATION_COMMENTS = YES;
				CLANG_WARN_EMPTY_BODY = YES;
				CLANG_WARN_ENUM_CONVERSION = YES;
				CLANG_WARN_INFINITE_RECURSION = YES;
				CLANG_WARN_INT_CONVERSION = YES;
				CLANG_WARN_NON_LITERAL_NULL_CONVERSION = YES;
				CLANG_WARN_OBJC_IMPLICIT_RETAIN_SELF = YES;
				CLANG_WARN_OBJC_LITERAL_CONVERSION = YES;
				CLANG_WARN_OBJC_ROOT_CLASS = YES_ERROR;
				CLANG_WARN_QUOTED_INCLUDE_IN_FRAMEWORK_HEADER = YES;
				CLANG_WARN_RANGE_LOOP_ANALYSIS = YES;
				CLANG_WARN_STRICT_PROTOTYPES = YES;
				CLANG_WARN_SUSPICIOUS_MOVE = YES;
				CLANG_WARN_UNGUARDED_AVAILABILITY = YES_AGGRESSIVE;
				CLANG_WARN_UNREACHABLE_CODE = YES;
				CLANG_WARN__DUPLICATE_METHOD_MATCH = YES;
				COPY_PHASE_STRIP = NO;
				DEBUG_INFORMATION_FORMAT = dwarf;
				ENABLE_STRICT_OBJC_MSGSEND = YES;
				ENABLE_TESTABILITY = YES;
				GCC_C_LANGUAGE_STANDARD = gnu11;
				GCC_DYNAMIC_NO_PIC = NO;
				GCC_NO_COMMON_BLOCKS = YES;
				GCC_OPTIMIZATION_LEVEL = 0;
				GCC_PREPROCESSOR_DEFINITIONS = (
					"DEBUG=1",
					"$(inherited)",
				);
				GCC_WARN_64_TO_32_BIT_CONVERSION = YES;
				GCC_WARN_ABOUT_RETURN_TYPE = YES_ERROR;
				GCC_WARN_UNDECLARED_SELECTOR = YES;
				GCC_WARN_UNINITIALIZED_AUTOS = YES_AGGRESSIVE;
				GCC_WARN_UNUSED_FUNCTION = YES;
				GCC_WARN_UNUSED_VARIABLE = YES;
				IPHONEOS_DEPLOYMENT_TARGET = 15.0;
				MTL_ENABLE_DEBUG_INFO = INCLUDE_SOURCE;
				MTL_FAST_MATH = YES;
				ONLY_ACTIVE_ARCH = YES;
				SDKROOT = iphoneos;
				SWIFT_ACTIVE_COMPILATION_CONDITIONS = DEBUG;
				SWIFT_OPTIMIZATION_LEVEL = "-Onone";
			};
			name = Debug;
		};
		F9725618270F9AA500F50290 /* Release */ = {
			isa = XCBuildConfiguration;
			buildSettings = {
				ALWAYS_SEARCH_USER_PATHS = NO;
				CLANG_ANALYZER_NONNULL = YES;
				CLANG_ANALYZER_NUMBER_OBJECT_CONVERSION = YES_AGGRESSIVE;
				CLANG_CXX_LANGUAGE_STANDARD = "gnu++17";
				CLANG_CXX_LIBRARY = "libc++";
				CLANG_ENABLE_MODULES = YES;
				CLANG_ENABLE_OBJC_ARC = YES;
				CLANG_ENABLE_OBJC_WEAK = YES;
				CLANG_WARN_BLOCK_CAPTURE_AUTORELEASING = YES;
				CLANG_WARN_BOOL_CONVERSION = YES;
				CLANG_WARN_COMMA = YES;
				CLANG_WARN_CONSTANT_CONVERSION = YES;
				CLANG_WARN_DEPRECATED_OBJC_IMPLEMENTATIONS = YES;
				CLANG_WARN_DIRECT_OBJC_ISA_USAGE = YES_ERROR;
				CLANG_WARN_DOCUMENTATION_COMMENTS = YES;
				CLANG_WARN_EMPTY_BODY = YES;
				CLANG_WARN_ENUM_CONVERSION = YES;
				CLANG_WARN_INFINITE_RECURSION = YES;
				CLANG_WARN_INT_CONVERSION = YES;
				CLANG_WARN_NON_LITERAL_NULL_CONVERSION = YES;
				CLANG_WARN_OBJC_IMPLICIT_RETAIN_SELF = YES;
				CLANG_WARN_OBJC_LITERAL_CONVERSION = YES;
				CLANG_WARN_OBJC_ROOT_CLASS = YES_ERROR;
				CLANG_WARN_QUOTED_INCLUDE_IN_FRAMEWORK_HEADER = YES;
				CLANG_WARN_RANGE_LOOP_ANALYSIS = YES;
				CLANG_WARN_STRICT_PROTOTYPES = YES;
				CLANG_WARN_SUSPICIOUS_MOVE = YES;
				CLANG_WARN_UNGUARDED_AVAILABILITY = YES_AGGRESSIVE;
				CLANG_WARN_UNREACHABLE_CODE = YES;
				CLANG_WARN__DUPLICATE_METHOD_MATCH = YES;
				COPY_PHASE_STRIP = NO;
				DEBUG_INFORMATION_FORMAT = "dwarf-with-dsym";
				ENABLE_NS_ASSERTIONS = NO;
				ENABLE_STRICT_OBJC_MSGSEND = YES;
				GCC_C_LANGUAGE_STANDARD = gnu11;
				GCC_NO_COMMON_BLOCKS = YES;
				GCC_WARN_64_TO_32_BIT_CONVERSION = YES;
				GCC_WARN_ABOUT_RETURN_TYPE = YES_ERROR;
				GCC_WARN_UNDECLARED_SELECTOR = YES;
				GCC_WARN_UNINITIALIZED_AUTOS = YES_AGGRESSIVE;
				GCC_WARN_UNUSED_FUNCTION = YES;
				GCC_WARN_UNUSED_VARIABLE = YES;
				IPHONEOS_DEPLOYMENT_TARGET = 15.0;
				MTL_ENABLE_DEBUG_INFO = NO;
				MTL_FAST_MATH = YES;
				SDKROOT = iphoneos;
				SWIFT_COMPILATION_MODE = wholemodule;
				SWIFT_OPTIMIZATION_LEVEL = "-O";
				VALIDATE_PRODUCT = YES;
			};
			name = Release;
		};
		F972561A270F9AA500F50290 /* Debug */ = {
			isa = XCBuildConfiguration;
			buildSettings = {
				ASSETCATALOG_COMPILER_APPICON_NAME = AppIcon;
				ASSETCATALOG_COMPILER_GLOBAL_ACCENT_COLOR_NAME = AccentColor;
				CODE_SIGN_STYLE = Automatic;
				CURRENT_PROJECT_VERSION = 1;
				GENERATE_INFOPLIST_FILE = YES;
				INFOPLIST_FILE = vadmitrievaPW3/Info.plist;
				INFOPLIST_KEY_UIApplicationSupportsIndirectInputEvents = YES;
				INFOPLIST_KEY_UILaunchStoryboardName = LaunchScreen;
				INFOPLIST_KEY_UISupportedInterfaceOrientations_iPad = "UIInterfaceOrientationPortrait UIInterfaceOrientationPortraitUpsideDown UIInterfaceOrientationLandscapeLeft UIInterfaceOrientationLandscapeRight";
				INFOPLIST_KEY_UISupportedInterfaceOrientations_iPhone = "UIInterfaceOrientationPortrait UIInterfaceOrientationLandscapeLeft UIInterfaceOrientationLandscapeRight";
				LD_RUNPATH_SEARCH_PATHS = (
					"$(inherited)",
					"@executable_path/Frameworks",
				);
				MARKETING_VERSION = 1.0;
				PRODUCT_BUNDLE_IDENTIFIER = dmitrieva.vadmitrievaPW3;
				PRODUCT_NAME = "$(TARGET_NAME)";
				SWIFT_EMIT_LOC_STRINGS = YES;
				SWIFT_VERSION = 5.0;
				TARGETED_DEVICE_FAMILY = "1,2";
			};
			name = Debug;
		};
		F972561B270F9AA500F50290 /* Release */ = {
			isa = XCBuildConfiguration;
			buildSettings = {
				ASSETCATALOG_COMPILER_APPICON_NAME = AppIcon;
				ASSETCATALOG_COMPILER_GLOBAL_ACCENT_COLOR_NAME = AccentColor;
				CODE_SIGN_STYLE = Automatic;
				CURRENT_PROJECT_VERSION = 1;
				GENERATE_INFOPLIST_FILE = YES;
				INFOPLIST_FILE = vadmitrievaPW3/Info.plist;
				INFOPLIST_KEY_UIApplicationSupportsIndirectInputEvents = YES;
				INFOPLIST_KEY_UILaunchStoryboardName = LaunchScreen;
				INFOPLIST_KEY_UISupportedInterfaceOrientations_iPad = "UIInterfaceOrientationPortrait UIInterfaceOrientationPortraitUpsideDown UIInterfaceOrientationLandscapeLeft UIInterfaceOrientationLandscapeRight";
				INFOPLIST_KEY_UISupportedInterfaceOrientations_iPhone = "UIInterfaceOrientationPortrait UIInterfaceOrientationLandscapeLeft UIInterfaceOrientationLandscapeRight";
				LD_RUNPATH_SEARCH_PATHS = (
					"$(inherited)",
					"@executable_path/Frameworks",
				);
				MARKETING_VERSION = 1.0;
				PRODUCT_BUNDLE_IDENTIFIER = dmitrieva.vadmitrievaPW3;
				PRODUCT_NAME = "$(TARGET_NAME)";
				SWIFT_EMIT_LOC_STRINGS = YES;
				SWIFT_VERSION = 5.0;
				TARGETED_DEVICE_FAMILY = "1,2";
			};
			name = Release;
		};
/* End XCBuildConfiguration section */

/* Begin XCConfigurationList section */
		F9725600270F9A9E00F50290 /* Build configuration list for PBXProject "vadmitrievaPW3" */ = {
			isa = XCConfigurationList;
			buildConfigurations = (
				F9725617270F9AA500F50290 /* Debug */,
				F9725618270F9AA500F50290 /* Release */,
			);
			defaultConfigurationIsVisible = 0;
			defaultConfigurationName = Release;
		};
		F9725619270F9AA500F50290 /* Build configuration list for PBXNativeTarget "vadmitrievaPW3" */ = {
			isa = XCConfigurationList;
			buildConfigurations = (
				F972561A270F9AA500F50290 /* Debug */,
				F972561B270F9AA500F50290 /* Release */,
			);
			defaultConfigurationIsVisible = 0;
			defaultConfigurationName = Release;
		};
/* End XCConfigurationList section */
	};
	rootObject = F97255FD270F9A9E00F50290 /* Project object */;
}
